// !$*UTF8*$!
{
	archiveVersion = 1;
	classes = {
	};
	objectVersion = 46;
	objects = {

/* Begin PBXBuildFile section */
		750C6C651B173DB600051763 /* Model.m in Sources */ = {isa = PBXBuildFile; fileRef = 750C6C641B173DB600051763 /* Model.m */; };
		7520F15719BAD9A6005FB150 /* Foundation.framework in Frameworks */ = {isa = PBXBuildFile; fileRef = 7520F15619BAD9A6005FB150 /* Foundation.framework */; };
		7520F15919BAD9A6005FB150 /* CoreGraphics.framework in Frameworks */ = {isa = PBXBuildFile; fileRef = 7520F15819BAD9A6005FB150 /* CoreGraphics.framework */; };
		7520F15B19BAD9A6005FB150 /* UIKit.framework in Frameworks */ = {isa = PBXBuildFile; fileRef = 7520F15A19BAD9A6005FB150 /* UIKit.framework */; };
		7520F16119BAD9A6005FB150 /* InfoPlist.strings in Resources */ = {isa = PBXBuildFile; fileRef = 7520F15F19BAD9A6005FB150 /* InfoPlist.strings */; };
		7520F16319BAD9A6005FB150 /* main.m in Sources */ = {isa = PBXBuildFile; fileRef = 7520F16219BAD9A6005FB150 /* main.m */; };
		7520F16719BAD9A6005FB150 /* AppDelegate.m in Sources */ = {isa = PBXBuildFile; fileRef = 7520F16619BAD9A6005FB150 /* AppDelegate.m */; };
		7520F16919BAD9A6005FB150 /* Images.xcassets in Resources */ = {isa = PBXBuildFile; fileRef = 7520F16819BAD9A6005FB150 /* Images.xcassets */; };
		7520F17019BAD9A6005FB150 /* XCTest.framework in Frameworks */ = {isa = PBXBuildFile; fileRef = 7520F16F19BAD9A6005FB150 /* XCTest.framework */; };
		7520F17119BAD9A6005FB150 /* Foundation.framework in Frameworks */ = {isa = PBXBuildFile; fileRef = 7520F15619BAD9A6005FB150 /* Foundation.framework */; };
		7520F17219BAD9A6005FB150 /* UIKit.framework in Frameworks */ = {isa = PBXBuildFile; fileRef = 7520F15A19BAD9A6005FB150 /* UIKit.framework */; };
		7520F17A19BAD9A6005FB150 /* InfoPlist.strings in Resources */ = {isa = PBXBuildFile; fileRef = 7520F17819BAD9A6005FB150 /* InfoPlist.strings */; };
		7520F17C19BAD9A6005FB150 /* gitTestTests.m in Sources */ = {isa = PBXBuildFile; fileRef = 7520F17B19BAD9A6005FB150 /* gitTestTests.m */; };
		7520F18719BAE1B4005FB150 /* TestViewController.m in Sources */ = {isa = PBXBuildFile; fileRef = 7520F18619BAE1B4005FB150 /* TestViewController.m */; };
/* End PBXBuildFile section */

/* Begin PBXContainerItemProxy section */
		7520F17319BAD9A6005FB150 /* PBXContainerItemProxy */ = {
			isa = PBXContainerItemProxy;
			containerPortal = 7520F14B19BAD9A6005FB150 /* Project object */;
			proxyType = 1;
			remoteGlobalIDString = 7520F15219BAD9A6005FB150;
			remoteInfo = gitTest;
		};
/* End PBXContainerItemProxy section */

/* Begin PBXFileReference section */
		750C6C631B173DB600051763 /* Model.h */ = {isa = PBXFileReference; fileEncoding = 4; lastKnownFileType = sourcecode.c.h; path = Model.h; sourceTree = "<group>"; };
		750C6C641B173DB600051763 /* Model.m */ = {isa = PBXFileReference; fileEncoding = 4; lastKnownFileType = sourcecode.c.objc; path = Model.m; sourceTree = "<group>"; };
		7520F15319BAD9A6005FB150 /* gitTest.app */ = {isa = PBXFileReference; explicitFileType = wrapper.application; includeInIndex = 0; path = gitTest.app; sourceTree = BUILT_PRODUCTS_DIR; };
		7520F15619BAD9A6005FB150 /* Foundation.framework */ = {isa = PBXFileReference; lastKnownFileType = wrapper.framework; name = Foundation.framework; path = System/Library/Frameworks/Foundation.framework; sourceTree = SDKROOT; };
		7520F15819BAD9A6005FB150 /* CoreGraphics.framework */ = {isa = PBXFileReference; lastKnownFileType = wrapper.framework; name = CoreGraphics.framework; path = System/Library/Frameworks/CoreGraphics.framework; sourceTree = SDKROOT; };
		7520F15A19BAD9A6005FB150 /* UIKit.framework */ = {isa = PBXFileReference; lastKnownFileType = wrapper.framework; name = UIKit.framework; path = System/Library/Frameworks/UIKit.framework; sourceTree = SDKROOT; };
		7520F15E19BAD9A6005FB150 /* gitTest-Info.plist */ = {isa = PBXFileReference; lastKnownFileType = text.plist.xml; path = "gitTest-Info.plist"; sourceTree = "<group>"; };
		7520F16019BAD9A6005FB150 /* en */ = {isa = PBXFileReference; lastKnownFileType = text.plist.strings; name = en; path = en.lproj/InfoPlist.strings; sourceTree = "<group>"; };
		7520F16219BAD9A6005FB150 /* main.m */ = {isa = PBXFileReference; lastKnownFileType = sourcecode.c.objc; path = main.m; sourceTree = "<group>"; };
		7520F16419BAD9A6005FB150 /* gitTest-Prefix.pch */ = {isa = PBXFileReference; lastKnownFileType = sourcecode.c.h; path = "gitTest-Prefix.pch"; sourceTree = "<group>"; };
		7520F16519BAD9A6005FB150 /* AppDelegate.h */ = {isa = PBXFileReference; lastKnownFileType = sourcecode.c.h; path = AppDelegate.h; sourceTree = "<group>"; };
		7520F16619BAD9A6005FB150 /* AppDelegate.m */ = {isa = PBXFileReference; lastKnownFileType = sourcecode.c.objc; path = AppDelegate.m; sourceTree = "<group>"; };
		7520F16819BAD9A6005FB150 /* Images.xcassets */ = {isa = PBXFileReference; lastKnownFileType = folder.assetcatalog; path = Images.xcassets; sourceTree = "<group>"; };
		7520F16E19BAD9A6005FB150 /* gitTestTests.xctest */ = {isa = PBXFileReference; explicitFileType = wrapper.cfbundle; includeInIndex = 0; path = gitTestTests.xctest; sourceTree = BUILT_PRODUCTS_DIR; };
		7520F16F19BAD9A6005FB150 /* XCTest.framework */ = {isa = PBXFileReference; lastKnownFileType = wrapper.framework; name = XCTest.framework; path = Library/Frameworks/XCTest.framework; sourceTree = DEVELOPER_DIR; };
		7520F17719BAD9A6005FB150 /* gitTestTests-Info.plist */ = {isa = PBXFileReference; lastKnownFileType = text.plist.xml; path = "gitTestTests-Info.plist"; sourceTree = "<group>"; };
		7520F17919BAD9A6005FB150 /* en */ = {isa = PBXFileReference; lastKnownFileType = text.plist.strings; name = en; path = en.lproj/InfoPlist.strings; sourceTree = "<group>"; };
		7520F17B19BAD9A6005FB150 /* gitTestTests.m */ = {isa = PBXFileReference; lastKnownFileType = sourcecode.c.objc; path = gitTestTests.m; sourceTree = "<group>"; };
		7520F18519BAE1B4005FB150 /* TestViewController.h */ = {isa = PBXFileReference; fileEncoding = 4; lastKnownFileType = sourcecode.c.h; path = TestViewController.h; sourceTree = "<group>"; };
		7520F18619BAE1B4005FB150 /* TestViewController.m */ = {isa = PBXFileReference; fileEncoding = 4; lastKnownFileType = sourcecode.c.objc; path = TestViewController.m; sourceTree = "<group>"; };
/* End PBXFileReference section */

/* Begin PBXFrameworksBuildPhase section */
		7520F15019BAD9A6005FB150 /* Frameworks */ = {
			isa = PBXFrameworksBuildPhase;
			buildActionMask = 2147483647;
			files = (
				7520F15919BAD9A6005FB150 /* CoreGraphics.framework in Frameworks */,
				7520F15B19BAD9A6005FB150 /* UIKit.framework in Frameworks */,
				7520F15719BAD9A6005FB150 /* Foundation.framework in Frameworks */,
			);
			runOnlyForDeploymentPostprocessing = 0;
		};
		7520F16B19BAD9A6005FB150 /* Frameworks */ = {
			isa = PBXFrameworksBuildPhase;
			buildActionMask = 2147483647;
			files = (
				7520F17019BAD9A6005FB150 /* XCTest.framework in Frameworks */,
				7520F17219BAD9A6005FB150 /* UIKit.framework in Frameworks */,
				7520F17119BAD9A6005FB150 /* Foundation.framework in Frameworks */,
			);
			runOnlyForDeploymentPostprocessing = 0;
		};
/* End PBXFrameworksBuildPhase section */

/* Begin PBXGroup section */
		7520F14A19BAD9A6005FB150 = {
			isa = PBXGroup;
			children = (
				7520F15C19BAD9A6005FB150 /* gitTest */,
				7520F17519BAD9A6005FB150 /* gitTestTests */,
				7520F15519BAD9A6005FB150 /* Frameworks */,
				7520F15419BAD9A6005FB150 /* Products */,
			);
			sourceTree = "<group>";
		};
		7520F15419BAD9A6005FB150 /* Products */ = {
			isa = PBXGroup;
			children = (
				7520F15319BAD9A6005FB150 /* gitTest.app */,
				7520F16E19BAD9A6005FB150 /* gitTestTests.xctest */,
			);
			name = Products;
			sourceTree = "<group>";
		};
		7520F15519BAD9A6005FB150 /* Frameworks */ = {
			isa = PBXGroup;
			children = (
				7520F15619BAD9A6005FB150 /* Foundation.framework */,
				7520F15819BAD9A6005FB150 /* CoreGraphics.framework */,
				7520F15A19BAD9A6005FB150 /* UIKit.framework */,
				7520F16F19BAD9A6005FB150 /* XCTest.framework */,
			);
			name = Frameworks;
			sourceTree = "<group>";
		};
		7520F15C19BAD9A6005FB150 /* gitTest */ = {
			isa = PBXGroup;
			children = (
				7520F16519BAD9A6005FB150 /* AppDelegate.h */,
				7520F16619BAD9A6005FB150 /* AppDelegate.m */,
				7520F18519BAE1B4005FB150 /* TestViewController.h */,
				7520F18619BAE1B4005FB150 /* TestViewController.m */,
				750C6C631B173DB600051763 /* Model.h */,
				750C6C641B173DB600051763 /* Model.m */,
				7520F16819BAD9A6005FB150 /* Images.xcassets */,
				7520F15D19BAD9A6005FB150 /* Supporting Files */,
			);
			path = gitTest;
			sourceTree = "<group>";
		};
		7520F15D19BAD9A6005FB150 /* Supporting Files */ = {
			isa = PBXGroup;
			children = (
				7520F15E19BAD9A6005FB150 /* gitTest-Info.plist */,
				7520F15F19BAD9A6005FB150 /* InfoPlist.strings */,
				7520F16219BAD9A6005FB150 /* main.m */,
				7520F16419BAD9A6005FB150 /* gitTest-Prefix.pch */,
			);
			name = "Supporting Files";
			sourceTree = "<group>";
		};
		7520F17519BAD9A6005FB150 /* gitTestTests */ = {
			isa = PBXGroup;
			children = (
				7520F17B19BAD9A6005FB150 /* gitTestTests.m */,
				7520F17619BAD9A6005FB150 /* Supporting Files */,
			);
			path = gitTestTests;
			sourceTree = "<group>";
		};
		7520F17619BAD9A6005FB150 /* Supporting Files */ = {
			isa = PBXGroup;
			children = (
				7520F17719BAD9A6005FB150 /* gitTestTests-Info.plist */,
				7520F17819BAD9A6005FB150 /* InfoPlist.strings */,
			);
			name = "Supporting Files";
			sourceTree = "<group>";
		};
/* End PBXGroup section */

/* Begin PBXNativeTarget section */
		7520F15219BAD9A6005FB150 /* gitTest */ = {
			isa = PBXNativeTarget;
			buildConfigurationList = 7520F17F19BAD9A6005FB150 /* Build configuration list for PBXNativeTarget "gitTest" */;
			buildPhases = (
				7520F14F19BAD9A6005FB150 /* Sources */,
				7520F15019BAD9A6005FB150 /* Frameworks */,
				7520F15119BAD9A6005FB150 /* Resources */,
			);
			buildRules = (
			);
			dependencies = (
			);
			name = gitTest;
			productName = gitTest;
			productReference = 7520F15319BAD9A6005FB150 /* gitTest.app */;
			productType = "com.apple.product-type.application";
		};
		7520F16D19BAD9A6005FB150 /* gitTestTests */ = {
			isa = PBXNativeTarget;
			buildConfigurationList = 7520F18219BAD9A6005FB150 /* Build configuration list for PBXNativeTarget "gitTestTests" */;
			buildPhases = (
				7520F16A19BAD9A6005FB150 /* Sources */,
				7520F16B19BAD9A6005FB150 /* Frameworks */,
				7520F16C19BAD9A6005FB150 /* Resources */,
			);
			buildRules = (
			);
			dependencies = (
				7520F17419BAD9A6005FB150 /* PBXTargetDependency */,
			);
			name = gitTestTests;
			productName = gitTestTests;
			productReference = 7520F16E19BAD9A6005FB150 /* gitTestTests.xctest */;
			productType = "com.apple.product-type.bundle.unit-test";
		};
/* End PBXNativeTarget section */

/* Begin PBXProject section */
		7520F14B19BAD9A6005FB150 /* Project object */ = {
			isa = PBXProject;
			attributes = {
				LastUpgradeCheck = 0510;
				ORGANIZATIONNAME = Youni.Zhangfan;
				TargetAttributes = {
					7520F16D19BAD9A6005FB150 = {
						TestTargetID = 7520F15219BAD9A6005FB150;
					};
				};
			};
			buildConfigurationList = 7520F14E19BAD9A6005FB150 /* Build configuration list for PBXProject "gitTest" */;
			compatibilityVersion = "Xcode 3.2";
			developmentRegion = English;
			hasScannedForEncodings = 0;
			knownRegions = (
				en,
			);
			mainGroup = 7520F14A19BAD9A6005FB150;
			productRefGroup = 7520F15419BAD9A6005FB150 /* Products */;
			projectDirPath = "";
			projectRoot = "";
			targets = (
				7520F15219BAD9A6005FB150 /* gitTest */,
				7520F16D19BAD9A6005FB150 /* gitTestTests */,
			);
		};
/* End PBXProject section */

/* Begin PBXResourcesBuildPhase section */
		7520F15119BAD9A6005FB150 /* Resources */ = {
			isa = PBXResourcesBuildPhase;
			buildActionMask = 2147483647;
			files = (
				7520F16119BAD9A6005FB150 /* InfoPlist.strings in Resources */,
				7520F16919BAD9A6005FB150 /* Images.xcassets in Resources */,
			);
			runOnlyForDeploymentPostprocessing = 0;
		};
		7520F16C19BAD9A6005FB150 /* Resources */ = {
			isa = PBXResourcesBuildPhase;
			buildActionMask = 2147483647;
			files = (
				7520F17A19BAD9A6005FB150 /* InfoPlist.strings in Resources */,
			);
			runOnlyForDeploymentPostprocessing = 0;
		};
/* End PBXResourcesBuildPhase section */

/* Begin PBXSourcesBuildPhase section */
		7520F14F19BAD9A6005FB150 /* Sources */ = {
			isa = PBXSourcesBuildPhase;
			buildActionMask = 2147483647;
			files = (
				7520F18719BAE1B4005FB150 /* TestViewController.m in Sources */,
				7520F16719BAD9A6005FB150 /* AppDelegate.m in Sources */,
				7520F16319BAD9A6005FB150 /* main.m in Sources */,
				750C6C651B173DB600051763 /* Model.m in Sources */,
			);
			runOnlyForDeploymentPostprocessing = 0;
		};
		7520F16A19BAD9A6005FB150 /* Sources */ = {
			isa = PBXSourcesBuildPhase;
			buildActionMask = 2147483647;
			files = (
				7520F17C19BAD9A6005FB150 /* gitTestTests.m in Sources */,
			);
			runOnlyForDeploymentPostprocessing = 0;
		};
/* End PBXSourcesBuildPhase section */

/* Begin PBXTargetDependency section */
		7520F17419BAD9A6005FB150 /* PBXTargetDependency */ = {
			isa = PBXTargetDependency;
			target = 7520F15219BAD9A6005FB150 /* gitTest */;
			targetProxy = 7520F17319BAD9A6005FB150 /* PBXContainerItemProxy */;
		};
/* End PBXTargetDependency section */

/* Begin PBXVariantGroup section */
		7520F15F19BAD9A6005FB150 /* InfoPlist.strings */ = {
			isa = PBXVariantGroup;
			children = (
				7520F16019BAD9A6005FB150 /* en */,
			);
			name = InfoPlist.strings;
			sourceTree = "<group>";
		};
		7520F17819BAD9A6005FB150 /* InfoPlist.strings */ = {
			isa = PBXVariantGroup;
			children = (
				7520F17919BAD9A6005FB150 /* en */,
			);
			name = InfoPlist.strings;
			sourceTree = "<group>";
		};
/* End PBXVariantGroup section */

/* Begin XCBuildConfiguration section */
		7520F17D19BAD9A6005FB150 /* Debug */ = {
			isa = XCBuildConfiguration;
			buildSettings = {
				ALWAYS_SEARCH_USER_PATHS = NO;
				CLANG_CXX_LANGUAGE_STANDARD = "gnu++0x";
				CLANG_CXX_LIBRARY = "libc++";
				CLANG_ENABLE_MODULES = YES;
				CLANG_ENABLE_OBJC_ARC = YES;
				CLANG_WARN_BOOL_CONVERSION = YES;
				CLANG_WARN_CONSTANT_CONVERSION = YES;
				CLANG_WARN_DIRECT_OBJC_ISA_USAGE = YES_ERROR;
				CLANG_WARN_EMPTY_BODY = YES;
				CLANG_WARN_ENUM_CONVERSION = YES;
				CLANG_WARN_INT_CONVERSION = YES;
				CLANG_WARN_OBJC_ROOT_CLASS = YES_ERROR;
				CLANG_WARN__DUPLICATE_METHOD_MATCH = YES;
				"CODE_SIGN_IDENTITY[sdk=iphoneos*]" = "iPhone Developer";
				COPY_PHASE_STRIP = NO;
				GCC_C_LANGUAGE_STANDARD = gnu99;
				GCC_DYNAMIC_NO_PIC = NO;
				GCC_OPTIMIZATION_LEVEL = 0;
				GCC_PREPROCESSOR_DEFINITIONS = (
					"DEBUG=1",
					"$(inherited)",
				);
				GCC_SYMBOLS_PRIVATE_EXTERN = NO;
				GCC_WARN_64_TO_32_BIT_CONVERSION = YES;
				GCC_WARN_ABOUT_RETURN_TYPE = YES_ERROR;
				GCC_WARN_UNDECLARED_SELECTOR = YES;
				GCC_WARN_UNINITIALIZED_AUTOS = YES_AGGRESSIVE;
				GCC_WARN_UNUSED_FUNCTION = YES;
				GCC_WARN_UNUSED_VARIABLE = YES;
				IPHONEOS_DEPLOYMENT_TARGET = 7.1;
				ONLY_ACTIVE_ARCH = YES;
				SDKROOT = iphoneos;
			};
			name = Debug;
		};
		7520F17E19BAD9A6005FB150 /* Release */ = {
			isa = XCBuildConfiguration;
			buildSettings = {
				ALWAYS_SEARCH_USER_PATHS = NO;
				CLANG_CXX_LANGUAGE_STANDARD = "gnu++0x";
				CLANG_CXX_LIBRARY = "libc++";
				CLANG_ENABLE_MODULES = YES;
				CLANG_ENABLE_OBJC_ARC = YES;
				CLANG_WARN_BOOL_CONVERSION = YES;
				CLANG_WARN_CONSTANT_CONVERSION = YES;
				CLANG_WARN_DIRECT_OBJC_ISA_USAGE = YES_ERROR;
				CLANG_WARN_EMPTY_BODY = YES;
				CLANG_WARN_ENUM_CONVERSION = YES;
				CLANG_WARN_INT_CONVERSION = YES;
				CLANG_WARN_OBJC_ROOT_CLASS = YES_ERROR;
				CLANG_WARN__DUPLICATE_METHOD_MATCH = YES;
				"CODE_SIGN_IDENTITY[sdk=iphoneos*]" = "iPhone Developer";
				COPY_PHASE_STRIP = YES;
				ENABLE_NS_ASSERTIONS = NO;
				GCC_C_LANGUAGE_STANDARD = gnu99;
				GCC_WARN_64_TO_32_BIT_CONVERSION = YES;
				GCC_WARN_ABOUT_RETURN_TYPE = YES_ERROR;
				GCC_WARN_UNDECLARED_SELECTOR = YES;
				GCC_WARN_UNINITIALIZED_AUTOS = YES_AGGRESSIVE;
				GCC_WARN_UNUSED_FUNCTION = YES;
				GCC_WARN_UNUSED_VARIABLE = YES;
				IPHONEOS_DEPLOYMENT_TARGET = 7.1;
				SDKROOT = iphoneos;
				VALIDATE_PRODUCT = YES;
			};
			name = Release;
		};
		7520F18019BAD9A6005FB150 /* Debug */ = {
			isa = XCBuildConfiguration;
			buildSettings = {
				ASSETCATALOG_COMPILER_APPICON_NAME = AppIcon;
				ASSETCATALOG_COMPILER_LAUNCHIMAGE_NAME = LaunchImage;
				GCC_PRECOMPILE_PREFIX_HEADER = YES;
				GCC_PREFIX_HEADER = "gitTest/gitTest-Prefix.pch";
				INFOPLIST_FILE = "gitTest/gitTest-Info.plist";
				PRODUCT_NAME = "$(TARGET_NAME)";
				WRAPPER_EXTENSION = app;
			};
			name = Debug;
		};
		7520F18119BAD9A6005FB150 /* Release */ = {
			isa = XCBuildConfiguration;
			buildSettings = {
				ASSETCATALOG_COMPILER_APPICON_NAME = AppIcon;
				ASSETCATALOG_COMPILER_LAUNCHIMAGE_NAME = LaunchImage;
				GCC_PRECOMPILE_PREFIX_HEADER = YES;
				GCC_PREFIX_HEADER = "gitTest/gitTest-Prefix.pch";
				INFOPLIST_FILE = "gitTest/gitTest-Info.plist";
				PRODUCT_NAME = "$(TARGET_NAME)";
				WRAPPER_EXTENSION = app;
			};
			name = Release;
		};
		7520F18319BAD9A6005FB150 /* Debug */ = {
			isa = XCBuildConfiguration;
			buildSettings = {
				BUNDLE_LOADER = "$(BUILT_PRODUCTS_DIR)/gitTest.app/gitTest";
				FRAMEWORK_SEARCH_PATHS = (
					"$(SDKROOT)/Developer/Library/Frameworks",
					"$(inherited)",
					"$(DEVELOPER_FRAMEWORKS_DIR)",
				);
				GCC_PRECOMPILE_PREFIX_HEADER = YES;
				GCC_PREFIX_HEADER = "gitTest/gitTest-Prefix.pch";
				GCC_PREPROCESSOR_DEFINITIONS = (
					"DEBUG=1",
					"$(inherited)",
				);
				INFOPLIST_FILE = "gitTestTests/gitTestTests-Info.plist";
				PRODUCT_NAME = "$(TARGET_NAME)";
				TEST_HOST = "$(BUNDLE_LOADER)";
				WRAPPER_EXTENSION = xctest;
			};
			name = Debug;
		};
		7520F18419BAD9A6005FB150 /* Release */ = {
			isa = XCBuildConfiguration;
			buildSettings = {
				BUNDLE_LOADER = "$(BUILT_PRODUCTS_DIR)/gitTest.app/gitTest";
				FRAMEWORK_SEARCH_PATHS = (
					"$(SDKROOT)/Developer/Library/Frameworks",
					"$(inherited)",
					"$(DEVELOPER_FRAMEWORKS_DIR)",
				);
				GCC_PRECOMPILE_PREFIX_HEADER = YES;
				GCC_PREFIX_HEADER = "gitTest/gitTest-Prefix.pch";
				INFOPLIST_FILE = "gitTestTests/gitTestTests-Info.plist";
				PRODUCT_NAME = "$(TARGET_NAME)";
				TEST_HOST = "$(BUNDLE_LOADER)";
				WRAPPER_EXTENSION = xctest;
			};
			name = Release;
		};
/* End XCBuildConfiguration section */

/* Begin XCConfigurationList section */
		7520F14E19BAD9A6005FB150 /* Build configuration list for PBXProject "gitTest" */ = {
			isa = XCConfigurationList;
			buildConfigurations = (
				7520F17D19BAD9A6005FB150 /* Debug */,
				7520F17E19BAD9A6005FB150 /* Release */,
			);
			defaultConfigurationIsVisible = 0;
			defaultConfigurationName = Release;
		};
		7520F17F19BAD9A6005FB150 /* Build configuration list for PBXNativeTarget "gitTest" */ = {
			isa = XCConfigurationList;
			buildConfigurations = (
				7520F18019BAD9A6005FB150 /* Debug */,
				7520F18119BAD9A6005FB150 /* Release */,
			);
			defaultConfigurationIsVisible = 0;
			defaultConfigurationName = Release;
		};
		7520F18219BAD9A6005FB150 /* Build configuration list for PBXNativeTarget "gitTestTests" */ = {
			isa = XCConfigurationList;
			buildConfigurations = (
				7520F18319BAD9A6005FB150 /* Debug */,
				7520F18419BAD9A6005FB150 /* Release */,
			);
			defaultConfigurationIsVisible = 0;
			defaultConfigurationName = Release;
		};
/* End XCConfigurationList section */
	};
	rootObject = 7520F14B19BAD9A6005FB150 /* Project object */;
}
